Microsoft Visual Studio Solution File, Format Version 12.00
# Visual Studio Version 17
VisualStudioVersion = 17.5.2.0
MinimumVisualStudioVersion = 10.0.40219.1
Project("{FAE04EC0-301F-11D3-BF4B-00C04F79EFBC}") = "HostelManagement", "HostelManagement\HostelManagement.csproj", "{5F1264AB-75E7-FAD6-BF4D-7338C5996706}"
EndProject
Global
	GlobalSection(SolutionConfigurationPlatforms) = preSolution
		Debug|Any CPU = Debug|Any CPU
		Release|Any CPU = Release|Any CPU
	EndGlobalSection
	GlobalSection(ProjectConfigurationPlatforms) = postSolution
		{5F1264AB-75E7-FAD6-BF4D-7338C5996706}.Debug|Any CPU.ActiveCfg = Debug|Any CPU
		{5F1264AB-75E7-FAD6-BF4D-7338C5996706}.Debug|Any CPU.Build.0 = Debug|Any CPU
		{5F1264AB-75E7-FAD6-BF4D-7338C5996706}.Release|Any CPU.ActiveCfg = Release|Any CPU
		{5F1264AB-75E7-FAD6-BF4D-7338C5996706}.Release|Any CPU.Build.0 = Release|Any CPU
	EndGlobalSection
	GlobalSection(SolutionProperties) = preSolution
		HideSolutionNode = FALSE
	EndGlobalSection
	GlobalSection(ExtensibilityGlobals) = postSolution
		SolutionGuid = {1C5A9EF6-998D-447A-9352-E8F4EEDE8A00}
	EndGlobalSection
EndGlobal
